// !$*UTF8*$!
{
	archiveVersion = 1;
	classes = {
	};
	objectVersion = 46;
	objects = {

/* Begin PBXBuildFile section */
		56649AD01B82DE81008DAAB1 /* AppDelegate.swift in Sources */ = {isa = PBXBuildFile; fileRef = 56649ACF1B82DE81008DAAB1 /* AppDelegate.swift */; };
		56649AD71B82DE81008DAAB1 /* Main.storyboard in Resources */ = {isa = PBXBuildFile; fileRef = 56649AD51B82DE81008DAAB1 /* Main.storyboard */; };
		56649AD91B82DE81008DAAB1 /* Images.xcassets in Resources */ = {isa = PBXBuildFile; fileRef = 56649AD81B82DE81008DAAB1 /* Images.xcassets */; };
		56649ADC1B82DE81008DAAB1 /* LaunchScreen.xib in Resources */ = {isa = PBXBuildFile; fileRef = 56649ADA1B82DE81008DAAB1 /* LaunchScreen.xib */; };
		56649AE81B82DE81008DAAB1 /* Pike_RushTests.swift in Sources */ = {isa = PBXBuildFile; fileRef = 56649AE71B82DE81008DAAB1 /* Pike_RushTests.swift */; };
		5674FD1D1B9F5C2300866667 /* CalendarView.swift in Sources */ = {isa = PBXBuildFile; fileRef = 5674FD1C1B9F5C2300866667 /* CalendarView.swift */; };
		5674FD1F1B9F5C2F00866667 /* AboutView.swift in Sources */ = {isa = PBXBuildFile; fileRef = 5674FD1E1B9F5C2F00866667 /* AboutView.swift */; };
		5674FD231BA0E7F300866667 /* EventView.swift in Sources */ = {isa = PBXBuildFile; fileRef = 5674FD221BA0E7F300866667 /* EventView.swift */; };
		5674FD251BA10FC600866667 /* PKA-ID.jpg in Resources */ = {isa = PBXBuildFile; fileRef = 5674FD241BA10FC600866667 /* PKA-ID.jpg */; };
/* End PBXBuildFile section */

/* Begin PBXContainerItemProxy section */
		56649AE21B82DE81008DAAB1 /* PBXContainerItemProxy */ = {
			isa = PBXContainerItemProxy;
			containerPortal = 56649AC21B82DE81008DAAB1 /* Project object */;
			proxyType = 1;
			remoteGlobalIDString = 56649AC91B82DE81008DAAB1;
			remoteInfo = "Pike-Rush";
		};
/* End PBXContainerItemProxy section */

/* Begin PBXFileReference section */
		56649ACA1B82DE81008DAAB1 /* Pike-Rush.app */ = {isa = PBXFileReference; explicitFileType = wrapper.application; includeInIndex = 0; path = "Pike-Rush.app"; sourceTree = BUILT_PRODUCTS_DIR; };
		56649ACE1B82DE81008DAAB1 /* Info.plist */ = {isa = PBXFileReference; lastKnownFileType = text.plist.xml; path = Info.plist; sourceTree = "<group>"; };
		56649ACF1B82DE81008DAAB1 /* AppDelegate.swift */ = {isa = PBXFileReference; lastKnownFileType = sourcecode.swift; path = AppDelegate.swift; sourceTree = "<group>"; };
		56649AD61B82DE81008DAAB1 /* Base */ = {isa = PBXFileReference; lastKnownFileType = file.storyboard; name = Base; path = Base.lproj/Main.storyboard; sourceTree = "<group>"; };
		56649AD81B82DE81008DAAB1 /* Images.xcassets */ = {isa = PBXFileReference; lastKnownFileType = folder.assetcatalog; path = Images.xcassets; sourceTree = "<group>"; };
		56649ADB1B82DE81008DAAB1 /* Base */ = {isa = PBXFileReference; lastKnownFileType = file.xib; name = Base; path = Base.lproj/LaunchScreen.xib; sourceTree = "<group>"; };
		56649AE11B82DE81008DAAB1 /* Pike-RushTests.xctest */ = {isa = PBXFileReference; explicitFileType = wrapper.cfbundle; includeInIndex = 0; path = "Pike-RushTests.xctest"; sourceTree = BUILT_PRODUCTS_DIR; };
		56649AE61B82DE81008DAAB1 /* Info.plist */ = {isa = PBXFileReference; lastKnownFileType = text.plist.xml; path = Info.plist; sourceTree = "<group>"; };
		56649AE71B82DE81008DAAB1 /* Pike_RushTests.swift */ = {isa = PBXFileReference; lastKnownFileType = sourcecode.swift; path = Pike_RushTests.swift; sourceTree = "<group>"; };
		5674FD1C1B9F5C2300866667 /* CalendarView.swift */ = {isa = PBXFileReference; fileEncoding = 4; lastKnownFileType = sourcecode.swift; path = CalendarView.swift; sourceTree = "<group>"; };
		5674FD1E1B9F5C2F00866667 /* AboutView.swift */ = {isa = PBXFileReference; fileEncoding = 4; lastKnownFileType = sourcecode.swift; path = AboutView.swift; sourceTree = "<group>"; };
		5674FD221BA0E7F300866667 /* EventView.swift */ = {isa = PBXFileReference; fileEncoding = 4; lastKnownFileType = sourcecode.swift; path = EventView.swift; sourceTree = "<group>"; };
		5674FD241BA10FC600866667 /* PKA-ID.jpg */ = {isa = PBXFileReference; lastKnownFileType = image.jpeg; path = "PKA-ID.jpg"; sourceTree = "<group>"; };
/* End PBXFileReference section */

/* Begin PBXFrameworksBuildPhase section */
		56649AC71B82DE81008DAAB1 /* Frameworks */ = {
			isa = PBXFrameworksBuildPhase;
			buildActionMask = 2147483647;
			files = (
			);
			runOnlyForDeploymentPostprocessing = 0;
		};
		56649ADE1B82DE81008DAAB1 /* Frameworks */ = {
			isa = PBXFrameworksBuildPhase;
			buildActionMask = 2147483647;
			files = (
			);
			runOnlyForDeploymentPostprocessing = 0;
		};
/* End PBXFrameworksBuildPhase section */

/* Begin PBXGroup section */
		56649AC11B82DE81008DAAB1 = {
			isa = PBXGroup;
			children = (
				56649ACC1B82DE81008DAAB1 /* Pike-Rush */,
				56649AE41B82DE81008DAAB1 /* Pike-RushTests */,
				56649ACB1B82DE81008DAAB1 /* Products */,
			);
			sourceTree = "<group>";
		};
		56649ACB1B82DE81008DAAB1 /* Products */ = {
			isa = PBXGroup;
			children = (
				56649ACA1B82DE81008DAAB1 /* Pike-Rush.app */,
				56649AE11B82DE81008DAAB1 /* Pike-RushTests.xctest */,
			);
			name = Products;
			sourceTree = "<group>";
		};
		56649ACC1B82DE81008DAAB1 /* Pike-Rush */ = {
			isa = PBXGroup;
			children = (
				56649ACF1B82DE81008DAAB1 /* AppDelegate.swift */,
				5674FD1C1B9F5C2300866667 /* CalendarView.swift */,
				5674FD221BA0E7F300866667 /* EventView.swift */,
				5674FD1E1B9F5C2F00866667 /* AboutView.swift */,
				56649AD51B82DE81008DAAB1 /* Main.storyboard */,
				56649AD81B82DE81008DAAB1 /* Images.xcassets */,
				56649ADA1B82DE81008DAAB1 /* LaunchScreen.xib */,
				56649ACD1B82DE81008DAAB1 /* Supporting Files */,
			);
			path = "Pike-Rush";
			sourceTree = "<group>";
		};
		56649ACD1B82DE81008DAAB1 /* Supporting Files */ = {
			isa = PBXGroup;
			children = (
				5674FD241BA10FC600866667 /* PKA-ID.jpg */,
				56649ACE1B82DE81008DAAB1 /* Info.plist */,
			);
			name = "Supporting Files";
			sourceTree = "<group>";
		};
		56649AE41B82DE81008DAAB1 /* Pike-RushTests */ = {
			isa = PBXGroup;
			children = (
				56649AE71B82DE81008DAAB1 /* Pike_RushTests.swift */,
				56649AE51B82DE81008DAAB1 /* Supporting Files */,
			);
			path = "Pike-RushTests";
			sourceTree = "<group>";
		};
		56649AE51B82DE81008DAAB1 /* Supporting Files */ = {
			isa = PBXGroup;
			children = (
				56649AE61B82DE81008DAAB1 /* Info.plist */,
			);
			name = "Supporting Files";
			sourceTree = "<group>";
		};
/* End PBXGroup section */

/* Begin PBXNativeTarget section */
		56649AC91B82DE81008DAAB1 /* Pike-Rush */ = {
			isa = PBXNativeTarget;
			buildConfigurationList = 56649AEB1B82DE81008DAAB1 /* Build configuration list for PBXNativeTarget "Pike-Rush" */;
			buildPhases = (
				56649AC61B82DE81008DAAB1 /* Sources */,
				56649AC71B82DE81008DAAB1 /* Frameworks */,
				56649AC81B82DE81008DAAB1 /* Resources */,
			);
			buildRules = (
			);
			dependencies = (
			);
			name = "Pike-Rush";
			productName = "Pike-Rush";
			productReference = 56649ACA1B82DE81008DAAB1 /* Pike-Rush.app */;
			productType = "com.apple.product-type.application";
		};
		56649AE01B82DE81008DAAB1 /* Pike-RushTests */ = {
			isa = PBXNativeTarget;
			buildConfigurationList = 56649AEE1B82DE81008DAAB1 /* Build configuration list for PBXNativeTarget "Pike-RushTests" */;
			buildPhases = (
				56649ADD1B82DE81008DAAB1 /* Sources */,
				56649ADE1B82DE81008DAAB1 /* Frameworks */,
				56649ADF1B82DE81008DAAB1 /* Resources */,
			);
			buildRules = (
			);
			dependencies = (
				56649AE31B82DE81008DAAB1 /* PBXTargetDependency */,
			);
			name = "Pike-RushTests";
			productName = "Pike-RushTests";
			productReference = 56649AE11B82DE81008DAAB1 /* Pike-RushTests.xctest */;
			productType = "com.apple.product-type.bundle.unit-test";
		};
/* End PBXNativeTarget section */

/* Begin PBXProject section */
		56649AC21B82DE81008DAAB1 /* Project object */ = {
			isa = PBXProject;
			attributes = {
				LastUpgradeCheck = 0640;
				ORGANIZATIONNAME = "Joseph Carroll";
				TargetAttributes = {
					56649AC91B82DE81008DAAB1 = {
						CreatedOnToolsVersion = 6.4;
					};
					56649AE01B82DE81008DAAB1 = {
						CreatedOnToolsVersion = 6.4;
						TestTargetID = 56649AC91B82DE81008DAAB1;
					};
				};
			};
			buildConfigurationList = 56649AC51B82DE81008DAAB1 /* Build configuration list for PBXProject "Pike-Rush" */;
			compatibilityVersion = "Xcode 3.2";
			developmentRegion = English;
			hasScannedForEncodings = 0;
			knownRegions = (
				en,
				Base,
			);
			mainGroup = 56649AC11B82DE81008DAAB1;
			productRefGroup = 56649ACB1B82DE81008DAAB1 /* Products */;
			projectDirPath = "";
			projectRoot = "";
			targets = (
				56649AC91B82DE81008DAAB1 /* Pike-Rush */,
				56649AE01B82DE81008DAAB1 /* Pike-RushTests */,
			);
		};
/* End PBXProject section */

/* Begin PBXResourcesBuildPhase section */
		56649AC81B82DE81008DAAB1 /* Resources */ = {
			isa = PBXResourcesBuildPhase;
			buildActionMask = 2147483647;
			files = (
				56649AD71B82DE81008DAAB1 /* Main.storyboard in Resources */,
				56649ADC1B82DE81008DAAB1 /* LaunchScreen.xib in Resources */,
				56649AD91B82DE81008DAAB1 /* Images.xcassets in Resources */,
				5674FD251BA10FC600866667 /* PKA-ID.jpg in Resources */,
			);
			runOnlyForDeploymentPostprocessing = 0;
		};
		56649ADF1B82DE81008DAAB1 /* Resources */ = {
			isa = PBXResourcesBuildPhase;
			buildActionMask = 2147483647;
			files = (
			);
			runOnlyForDeploymentPostprocessing = 0;
		};
/* End PBXResourcesBuildPhase section */

/* Begin PBXSourcesBuildPhase section */
		56649AC61B82DE81008DAAB1 /* Sources */ = {
			isa = PBXSourcesBuildPhase;
			buildActionMask = 2147483647;
			files = (
				5674FD1D1B9F5C2300866667 /* CalendarView.swift in Sources */,
				5674FD1F1B9F5C2F00866667 /* AboutView.swift in Sources */,
				56649AD01B82DE81008DAAB1 /* AppDelegate.swift in Sources */,
				5674FD231BA0E7F300866667 /* EventView.swift in Sources */,
			);
			runOnlyForDeploymentPostprocessing = 0;
		};
		56649ADD1B82DE81008DAAB1 /* Sources */ = {
			isa = PBXSourcesBuildPhase;
			buildActionMask = 2147483647;
			files = (
				56649AE81B82DE81008DAAB1 /* Pike_RushTests.swift in Sources */,
			);
			runOnlyForDeploymentPostprocessing = 0;
		};
/* End PBXSourcesBuildPhase section */

/* Begin PBXTargetDependency section */
		56649AE31B82DE81008DAAB1 /* PBXTargetDependency */ = {
			isa = PBXTargetDependency;
			target = 56649AC91B82DE81008DAAB1 /* Pike-Rush */;
			targetProxy = 56649AE21B82DE81008DAAB1 /* PBXContainerItemProxy */;
		};
/* End PBXTargetDependency section */

/* Begin PBXVariantGroup section */
		56649AD51B82DE81008DAAB1 /* Main.storyboard */ = {
			isa = PBXVariantGroup;
			children = (
				56649AD61B82DE81008DAAB1 /* Base */,
			);
			name = Main.storyboard;
			sourceTree = "<group>";
		};
		56649ADA1B82DE81008DAAB1 /* LaunchScreen.xib */ = {
			isa = PBXVariantGroup;
			children = (
				56649ADB1B82DE81008DAAB1 /* Base */,
			);
			name = LaunchScreen.xib;
			sourceTree = "<group>";
		};
/* End PBXVariantGroup section */

/* Begin XCBuildConfiguration section */
		56649AE91B82DE81008DAAB1 /* Debug */ = {
			isa = XCBuildConfiguration;
			buildSettings = {
				ALWAYS_SEARCH_USER_PATHS = NO;
				CLANG_CXX_LANGUAGE_STANDARD = "gnu++0x";
				CLANG_CXX_LIBRARY = "libc++";
				CLANG_ENABLE_MODULES = YES;
				CLANG_ENABLE_OBJC_ARC = YES;
				CLANG_WARN_BOOL_CONVERSION = YES;
				CLANG_WARN_CONSTANT_CONVERSION = YES;
				CLANG_WARN_DIRECT_OBJC_ISA_USAGE = YES_ERROR;
				CLANG_WARN_EMPTY_BODY = YES;
				CLANG_WARN_ENUM_CONVERSION = YES;
				CLANG_WARN_INT_CONVERSION = YES;
				CLANG_WARN_OBJC_ROOT_CLASS = YES_ERROR;
				CLANG_WARN_UNREACHABLE_CODE = YES;
				CLANG_WARN__DUPLICATE_METHOD_MATCH = YES;
				"CODE_SIGN_IDENTITY[sdk=iphoneos*]" = "iPhone Developer";
				COPY_PHASE_STRIP = NO;
				DEBUG_INFORMATION_FORMAT = "dwarf-with-dsym";
				ENABLE_STRICT_OBJC_MSGSEND = YES;
				GCC_C_LANGUAGE_STANDARD = gnu99;
				GCC_DYNAMIC_NO_PIC = NO;
				GCC_NO_COMMON_BLOCKS = YES;
				GCC_OPTIMIZATION_LEVEL = 0;
				GCC_PREPROCESSOR_DEFINITIONS = (
					"DEBUG=1",
					"$(inherited)",
				);
				GCC_SYMBOLS_PRIVATE_EXTERN = NO;
				GCC_WARN_64_TO_32_BIT_CONVERSION = YES;
				GCC_WARN_ABOUT_RETURN_TYPE = YES_ERROR;
				GCC_WARN_UNDECLARED_SELECTOR = YES;
				GCC_WARN_UNINITIALIZED_AUTOS = YES_AGGRESSIVE;
				GCC_WARN_UNUSED_FUNCTION = YES;
				GCC_WARN_UNUSED_VARIABLE = YES;
				IPHONEOS_DEPLOYMENT_TARGET = 8.4;
				MTL_ENABLE_DEBUG_INFO = YES;
				ONLY_ACTIVE_ARCH = YES;
				SDKROOT = iphoneos;
				SWIFT_OPTIMIZATION_LEVEL = "-Onone";
			};
			name = Debug;
		};
		56649AEA1B82DE81008DAAB1 /* Release */ = {
			isa = XCBuildConfiguration;
			buildSettings = {
				ALWAYS_SEARCH_USER_PATHS = NO;
				CLANG_CXX_LANGUAGE_STANDARD = "gnu++0x";
				CLANG_CXX_LIBRARY = "libc++";
				CLANG_ENABLE_MODULES = YES;
				CLANG_ENABLE_OBJC_ARC = YES;
				CLANG_WARN_BOOL_CONVERSION = YES;
				CLANG_WARN_CONSTANT_CONVERSION = YES;
				CLANG_WARN_DIRECT_OBJC_ISA_USAGE = YES_ERROR;
				CLANG_WARN_EMPTY_BODY = YES;
				CLANG_WARN_ENUM_CONVERSION = YES;
				CLANG_WARN_INT_CONVERSION = YES;
				CLANG_WARN_OBJC_ROOT_CLASS = YES_ERROR;
				CLANG_WARN_UNREACHABLE_CODE = YES;
				CLANG_WARN__DUPLICATE_METHOD_MATCH = YES;
				"CODE_SIGN_IDENTITY[sdk=iphoneos*]" = "iPhone Developer";
				COPY_PHASE_STRIP = NO;
				DEBUG_INFORMATION_FORMAT = "dwarf-with-dsym";
				ENABLE_NS_ASSERTIONS = NO;
				ENABLE_STRICT_OBJC_MSGSEND = YES;
				GCC_C_LANGUAGE_STANDARD = gnu99;
				GCC_NO_COMMON_BLOCKS = YES;
				GCC_WARN_64_TO_32_BIT_CONVERSION = YES;
				GCC_WARN_ABOUT_RETURN_TYPE = YES_ERROR;
				GCC_WARN_UNDECLARED_SELECTOR = YES;
				GCC_WARN_UNINITIALIZED_AUTOS = YES_AGGRESSIVE;
				GCC_WARN_UNUSED_FUNCTION = YES;
				GCC_WARN_UNUSED_VARIABLE = YES;
				IPHONEOS_DEPLOYMENT_TARGET = 8.4;
				MTL_ENABLE_DEBUG_INFO = NO;
				SDKROOT = iphoneos;
				VALIDATE_PRODUCT = YES;
			};
			name = Release;
		};
		56649AEC1B82DE81008DAAB1 /* Debug */ = {
			isa = XCBuildConfiguration;
			buildSettings = {
				ASSETCATALOG_COMPILER_APPICON_NAME = AppIcon;
				INFOPLIST_FILE = "Pike-Rush/Info.plist";
				LD_RUNPATH_SEARCH_PATHS = "$(inherited) @executable_path/Frameworks";
				PRODUCT_NAME = "$(TARGET_NAME)";
			};
			name = Debug;
		};
		56649AED1B82DE81008DAAB1 /* Release */ = {
			isa = XCBuildConfiguration;
			buildSettings = {
				ASSETCATALOG_COMPILER_APPICON_NAME = AppIcon;
				INFOPLIST_FILE = "Pike-Rush/Info.plist";
				LD_RUNPATH_SEARCH_PATHS = "$(inherited) @executable_path/Frameworks";
				PRODUCT_NAME = "$(TARGET_NAME)";
			};
			name = Release;
		};
		56649AEF1B82DE81008DAAB1 /* Debug */ = {
			isa = XCBuildConfiguration;
			buildSettings = {
				BUNDLE_LOADER = "$(TEST_HOST)";
				FRAMEWORK_SEARCH_PATHS = (
					"$(SDKROOT)/Developer/Library/Frameworks",
					"$(inherited)",
				);
				GCC_PREPROCESSOR_DEFINITIONS = (
					"DEBUG=1",
					"$(inherited)",
				);
				INFOPLIST_FILE = "Pike-RushTests/Info.plist";
				LD_RUNPATH_SEARCH_PATHS = "$(inherited) @executable_path/Frameworks @loader_path/Frameworks";
				PRODUCT_NAME = "$(TARGET_NAME)";
				TEST_HOST = "$(BUILT_PRODUCTS_DIR)/Pike-Rush.app/Pike-Rush";
			};
			name = Debug;
		};
		56649AF01B82DE81008DAAB1 /* Release */ = {
			isa = XCBuildConfiguration;
			buildSettings = {
				BUNDLE_LOADER = "$(TEST_HOST)";
				FRAMEWORK_SEARCH_PATHS = (
					"$(SDKROOT)/Developer/Library/Frameworks",
					"$(inherited)",
				);
				INFOPLIST_FILE = "Pike-RushTests/Info.plist";
				LD_RUNPATH_SEARCH_PATHS = "$(inherited) @executable_path/Frameworks @loader_path/Frameworks";
				PRODUCT_NAME = "$(TARGET_NAME)";
				TEST_HOST = "$(BUILT_PRODUCTS_DIR)/Pike-Rush.app/Pike-Rush";
			};
			name = Release;
		};
/* End XCBuildConfiguration section */

/* Begin XCConfigurationList section */
		56649AC51B82DE81008DAAB1 /* Build configuration list for PBXProject "Pike-Rush" */ = {
			isa = XCConfigurationList;
			buildConfigurations = (
				56649AE91B82DE81008DAAB1 /* Debug */,
				56649AEA1B82DE81008DAAB1 /* Release */,
			);
			defaultConfigurationIsVisible = 0;
			defaultConfigurationName = Release;
		};
		56649AEB1B82DE81008DAAB1 /* Build configuration list for PBXNativeTarget "Pike-Rush" */ = {
			isa = XCConfigurationList;
			buildConfigurations = (
				56649AEC1B82DE81008DAAB1 /* Debug */,
				56649AED1B82DE81008DAAB1 /* Release */,
			);
			defaultConfigurationIsVisible = 0;
			defaultConfigurationName = Release;
		};
		56649AEE1B82DE81008DAAB1 /* Build configuration list for PBXNativeTarget "Pike-RushTests" */ = {
			isa = XCConfigurationList;
			buildConfigurations = (
				56649AEF1B82DE81008DAAB1 /* Debug */,
				56649AF01B82DE81008DAAB1 /* Release */,
			);
			defaultConfigurationIsVisible = 0;
			defaultConfigurationName = Release;
		};
/* End XCConfigurationList section */
	};
	rootObject = 56649AC21B82DE81008DAAB1 /* Project object */;
}
